
Microsoft Visual Studio Solution File, Format Version 12.00
# Visual Studio Version 17
VisualStudioVersion = 17.3.32929.385
MinimumVisualStudioVersion = 10.0.40219.1
Project("{FAE04EC0-301F-11D3-BF4B-00C04F79EFBC}") = "WpfApp1", "WpfApp1.csproj", "{967C2460-E900-4219-AAA1-A3AAA51215DF}"
EndProject
Global
	GlobalSection(SolutionConfigurationPlatforms) = preSolution
		Debug|Any CPU = Debug|Any CPU
		Release|Any CPU = Release|Any CPU
	EndGlobalSection
	GlobalSection(ProjectConfigurationPlatforms) = postSolution
		{967C2460-E900-4219-AAA1-A3AAA51215DF}.Debug|Any CPU.ActiveCfg = Debug|Any CPU
		{967C2460-E900-4219-AAA1-A3AAA51215DF}.Debug|Any CPU.Build.0 = Debug|Any CPU
		{967C2460-E900-4219-AAA1-A3AAA51215DF}.Release|Any CPU.ActiveCfg = Release|Any CPU
		{967C2460-E900-4219-AAA1-A3AAA51215DF}.Release|Any CPU.Build.0 = Release|Any CPU
	EndGlobalSection
	GlobalSection(SolutionProperties) = preSolution
		HideSolutionNode = FALSE
	EndGlobalSection
	GlobalSection(ExtensibilityGlobals) = postSolution
		SolutionGuid = {B1836B4B-17F6-4877-916E-588C9EDEB383}
	EndGlobalSection
EndGlobal
